
Microsoft Visual Studio Solution File, Format Version 12.00
# Visual Studio Version 16
VisualStudioVersion = 16.0.30907.101
MinimumVisualStudioVersion = 10.0.40219.1
Project("{FAE04EC0-301F-11D3-BF4B-00C04F79EFBC}") = "SpecialEffectsExample", "SpecialEffectsExample\SpecialEffectsExample.csproj", "{38B1E185-D712-4FFE-A41C-4F255DB3A5DF}"
EndProject
Global
	GlobalSection(SolutionConfigurationPlatforms) = preSolution
		Debug|Any CPU = Debug|Any CPU
		Release|Any CPU = Release|Any CPU
	EndGlobalSection
	GlobalSection(ProjectConfigurationPlatforms) = postSolution
		{38B1E185-D712-4FFE-A41C-4F255DB3A5DF}.Debug|Any CPU.ActiveCfg = Debug|Any CPU
		{38B1E185-D712-4FFE-A41C-4F255DB3A5DF}.Debug|Any CPU.Build.0 = Debug|Any CPU
		{38B1E185-D712-4FFE-A41C-4F255DB3A5DF}.Release|Any CPU.ActiveCfg = Release|Any CPU
		{38B1E185-D712-4FFE-A41C-4F255DB3A5DF}.Release|Any CPU.Build.0 = Release|Any CPU
	EndGlobalSection
	GlobalSection(SolutionProperties) = preSolution
		HideSolutionNode = FALSE
	EndGlobalSection
	GlobalSection(ExtensibilityGlobals) = postSolution
		SolutionGuid = {CE350461-E7CB-40FE-8008-EC76762C3B05}
	EndGlobalSection
EndGlobal
